
Microsoft Visual Studio Solution File, Format Version 12.00
# Visual Studio Version 16
VisualStudioVersion = 16.0.31321.278
MinimumVisualStudioVersion = 10.0.40219.1
Project("{FAE04EC0-301F-11D3-BF4B-00C04F79EFBC}") = "PatternsData", "PatternsData\PatternsData.csproj", "{14DBB83D-A4E0-4FF0-B978-28DE21BD0EF8}"
EndProject
Project("{FAE04EC0-301F-11D3-BF4B-00C04F79EFBC}") = "PatternsWeb", "PatternsWeb\PatternsWeb.csproj", "{83D66F2B-FB9A-46D4-A41C-CBB2793F438E}"
EndProject
Global
	GlobalSection(SolutionConfigurationPlatforms) = preSolution
		Debug|Any CPU = Debug|Any CPU
		Release|Any CPU = Release|Any CPU
	EndGlobalSection
	GlobalSection(ProjectConfigurationPlatforms) = postSolution
		{14DBB83D-A4E0-4FF0-B978-28DE21BD0EF8}.Debug|Any CPU.ActiveCfg = Debug|Any CPU
		{14DBB83D-A4E0-4FF0-B978-28DE21BD0EF8}.Debug|Any CPU.Build.0 = Debug|Any CPU
		{14DBB83D-A4E0-4FF0-B978-28DE21BD0EF8}.Release|Any CPU.ActiveCfg = Release|Any CPU
		{14DBB83D-A4E0-4FF0-B978-28DE21BD0EF8}.Release|Any CPU.Build.0 = Release|Any CPU
		{83D66F2B-FB9A-46D4-A41C-CBB2793F438E}.Debug|Any CPU.ActiveCfg = Debug|Any CPU
		{83D66F2B-FB9A-46D4-A41C-CBB2793F438E}.Debug|Any CPU.Build.0 = Debug|Any CPU
		{83D66F2B-FB9A-46D4-A41C-CBB2793F438E}.Release|Any CPU.ActiveCfg = Release|Any CPU
		{83D66F2B-FB9A-46D4-A41C-CBB2793F438E}.Release|Any CPU.Build.0 = Release|Any CPU
	EndGlobalSection
	GlobalSection(SolutionProperties) = preSolution
		HideSolutionNode = FALSE
	EndGlobalSection
	GlobalSection(ExtensibilityGlobals) = postSolution
		SolutionGuid = {DAA62A4F-6630-4026-B693-024EFB29385A}
	EndGlobalSection
EndGlobal
